
Microsoft Visual Studio Solution File, Format Version 12.00
# Visual Studio Version 17
VisualStudioVersion = 17.13.35806.99 d17.13
MinimumVisualStudioVersion = 10.0.40219.1
Project("{FAE04EC0-301F-11D3-BF4B-00C04F79EFBC}") = "MakeenCo-Work", "MakeenCo-Work\MakeenCo-Work.csproj", "{3A264DE5-1C65-437D-8BCF-A351865F6B9A}"
EndProject
Project("{FAE04EC0-301F-11D3-BF4B-00C04F79EFBC}") = "Domain", "Domain\Domain.csproj", "{349127EB-FF29-4BC9-8C49-FBF910D5A323}"
EndProject
Project("{FAE04EC0-301F-11D3-BF4B-00C04F79EFBC}") = "Data", "Data\Data.csproj", "{E8942172-8234-4481-9673-6AB774F6355C}"
EndProject
Global
	GlobalSection(SolutionConfigurationPlatforms) = preSolution
		Debug|Any CPU = Debug|Any CPU
		Release|Any CPU = Release|Any CPU
	EndGlobalSection
	GlobalSection(ProjectConfigurationPlatforms) = postSolution
		{3A264DE5-1C65-437D-8BCF-A351865F6B9A}.Debug|Any CPU.ActiveCfg = Debug|Any CPU
		{3A264DE5-1C65-437D-8BCF-A351865F6B9A}.Debug|Any CPU.Build.0 = Debug|Any CPU
		{3A264DE5-1C65-437D-8BCF-A351865F6B9A}.Release|Any CPU.ActiveCfg = Release|Any CPU
		{3A264DE5-1C65-437D-8BCF-A351865F6B9A}.Release|Any CPU.Build.0 = Release|Any CPU
		{349127EB-FF29-4BC9-8C49-FBF910D5A323}.Debug|Any CPU.ActiveCfg = Debug|Any CPU
		{349127EB-FF29-4BC9-8C49-FBF910D5A323}.Debug|Any CPU.Build.0 = Debug|Any CPU
		{349127EB-FF29-4BC9-8C49-FBF910D5A323}.Release|Any CPU.ActiveCfg = Release|Any CPU
		{349127EB-FF29-4BC9-8C49-FBF910D5A323}.Release|Any CPU.Build.0 = Release|Any CPU
		{E8942172-8234-4481-9673-6AB774F6355C}.Debug|Any CPU.ActiveCfg = Debug|Any CPU
		{E8942172-8234-4481-9673-6AB774F6355C}.Debug|Any CPU.Build.0 = Debug|Any CPU
		{E8942172-8234-4481-9673-6AB774F6355C}.Release|Any CPU.ActiveCfg = Release|Any CPU
		{E8942172-8234-4481-9673-6AB774F6355C}.Release|Any CPU.Build.0 = Release|Any CPU
	EndGlobalSection
	GlobalSection(SolutionProperties) = preSolution
		HideSolutionNode = FALSE
	EndGlobalSection
	GlobalSection(ExtensibilityGlobals) = postSolution
		SolutionGuid = {FE65E03C-4FAA-499C-981E-67E385F228CD}
	EndGlobalSection
EndGlobal
